Microsoft Visual Studio Solution File, Format Version 12.00
# Visual Studio 15
VisualStudioVersion = 15.0.28307.1000
MinimumVisualStudioVersion = 10.0.40219.1
Project("{FAE04EC0-301F-11D3-BF4B-00C04F79EFBC}") = "ZaloW10M", "ZaloW10M\ZaloW10M.csproj", "{A84F3E69-1234-4567-8901-ABCDEF123456}"
EndProject
Global
	GlobalSection(SolutionConfigurationPlatforms) = preSolution
		Release|ARM = Release|ARM
	EndGlobalSection
	GlobalSection(ProjectConfigurationPlatforms) = postSolution
		{A84F3E69-1234-4567-8901-ABCDEF123456}.Release|ARM.ActiveCfg = Release|ARM
		{A84F3E69-1234-4567-8901-ABCDEF123456}.Release|ARM.Build.0 = Release|ARM
		{A84F3E69-1234-4567-8901-ABCDEF123456}.Release|ARM.Deploy.0 = Release|ARM
	EndGlobalSection
	GlobalSection(SolutionProperties) = preSolution
		HideSolutionNode = FALSE
	EndGlobalSection
EndGlobal